
Microsoft Visual Studio Solution File, Format Version 12.00
# Visual Studio Version 17
VisualStudioVersion = 17.3.32901.215
MinimumVisualStudioVersion = 10.0.40219.1
Project("{9A19103F-16F7-4668-BE54-9A1E7A4F7556}") = "fhir-link", "fhir-link\fhir-link.csproj", "{2B9DEBEE-A0D0-401A-9547-E893FB8DC676}"
EndProject
Global
	GlobalSection(SolutionConfigurationPlatforms) = preSolution
		Debug|Any CPU = Debug|Any CPU
		Release|Any CPU = Release|Any CPU
	EndGlobalSection
	GlobalSection(ProjectConfigurationPlatforms) = postSolution
		{2B9DEBEE-A0D0-401A-9547-E893FB8DC676}.Debug|Any CPU.ActiveCfg = Debug|Any CPU
		{2B9DEBEE-A0D0-401A-9547-E893FB8DC676}.Debug|Any CPU.Build.0 = Debug|Any CPU
		{2B9DEBEE-A0D0-401A-9547-E893FB8DC676}.Release|Any CPU.ActiveCfg = Release|Any CPU
		{2B9DEBEE-A0D0-401A-9547-E893FB8DC676}.Release|Any CPU.Build.0 = Release|Any CPU
	EndGlobalSection
	GlobalSection(SolutionProperties) = preSolution
		HideSolutionNode = FALSE
	EndGlobalSection
	GlobalSection(ExtensibilityGlobals) = postSolution
		SolutionGuid = {C14F47AA-ECD2-4E79-8183-D2C39FE14907}
	EndGlobalSection
EndGlobal
